
Microsoft Visual Studio Solution File, Format Version 12.00
# Visual Studio Version 16
VisualStudioVersion = 16.0.30621.155
MinimumVisualStudioVersion = 10.0.40219.1
Project("{FAE04EC0-301F-11D3-BF4B-00C04F79EFBC}") = "WpfSchoolMain", "WpfSchoolMain\WpfSchoolMain.csproj", "{68674562-E229-4C56-B016-1A3BC797D06A}"
EndProject
Global
	GlobalSection(SolutionConfigurationPlatforms) = preSolution
		Debug|Any CPU = Debug|Any CPU
		Release|Any CPU = Release|Any CPU
	EndGlobalSection
	GlobalSection(ProjectConfigurationPlatforms) = postSolution
		{68674562-E229-4C56-B016-1A3BC797D06A}.Debug|Any CPU.ActiveCfg = Debug|Any CPU
		{68674562-E229-4C56-B016-1A3BC797D06A}.Debug|Any CPU.Build.0 = Debug|Any CPU
		{68674562-E229-4C56-B016-1A3BC797D06A}.Release|Any CPU.ActiveCfg = Release|Any CPU
		{68674562-E229-4C56-B016-1A3BC797D06A}.Release|Any CPU.Build.0 = Release|Any CPU
	EndGlobalSection
	GlobalSection(SolutionProperties) = preSolution
		HideSolutionNode = FALSE
	EndGlobalSection
	GlobalSection(ExtensibilityGlobals) = postSolution
		SolutionGuid = {003188DB-427A-4B5B-A57B-00624C8EA7C8}
	EndGlobalSection
EndGlobal
